// !$*UTF8*$!
{
	archiveVersion = 1;
	classes = {
	};
	objectVersion = 46;
	objects = {

/* Begin PBXBuildFile section */
		042FFAC519B02FBA00589387 /* main.m in Sources */ = {isa = PBXBuildFile; fileRef = 042FFAC419B02FBA00589387 /* main.m */; };
		042FFACD19B02FE800589387 /* Student.m in Sources */ = {isa = PBXBuildFile; fileRef = 042FFACC19B02FE800589387 /* Student.m */; };
/* End PBXBuildFile section */

/* Begin PBXCopyFilesBuildPhase section */
		042FFABF19B02FBA00589387 /* CopyFiles */ = {
			isa = PBXCopyFilesBuildPhase;
			buildActionMask = 2147483647;
			dstPath = /usr/share/man/man1/;
			dstSubfolderSpec = 0;
			files = (
			);
			runOnlyForDeploymentPostprocessing = 1;
		};
/* End PBXCopyFilesBuildPhase section */

/* Begin PBXFileReference section */
		042FFAC119B02FBA00589387 /* 09-array的内存管理和向组内成员发送消息 */ = {isa = PBXFileReference; explicitFileType = "compiled.mach-o.executable"; includeInIndex = 0; path = "09-array的内存管理和向组内成员发送消息"; sourceTree = BUILT_PRODUCTS_DIR; };
		042FFAC419B02FBA00589387 /* main.m */ = {isa = PBXFileReference; lastKnownFileType = sourcecode.c.objc; path = main.m; sourceTree = "<group>"; };
		042FFACB19B02FE800589387 /* Student.h */ = {isa = PBXFileReference; fileEncoding = 4; lastKnownFileType = sourcecode.c.h; path = Student.h; sourceTree = "<group>"; };
		042FFACC19B02FE800589387 /* Student.m */ = {isa = PBXFileReference; fileEncoding = 4; lastKnownFileType = sourcecode.c.objc; path = Student.m; sourceTree = "<group>"; usesTabs = 0; wrapsLines = 1; };
/* End PBXFileReference section */

/* Begin PBXFrameworksBuildPhase section */
		042FFABE19B02FBA00589387 /* Frameworks */ = {
			isa = PBXFrameworksBuildPhase;
			buildActionMask = 2147483647;
			files = (
			);
			runOnlyForDeploymentPostprocessing = 0;
		};
/* End PBXFrameworksBuildPhase section */

/* Begin PBXGroup section */
		042FFAB819B02FBA00589387 = {
			isa = PBXGroup;
			children = (
				042FFAC319B02FBA00589387 /* 09-array的内存管理和向组内成员发送消息 */,
				042FFAC219B02FBA00589387 /* Products */,
			);
			sourceTree = "<group>";
		};
		042FFAC219B02FBA00589387 /* Products */ = {
			isa = PBXGroup;
			children = (
				042FFAC119B02FBA00589387 /* 09-array的内存管理和向组内成员发送消息 */,
			);
			name = Products;
			sourceTree = "<group>";
		};
		042FFAC319B02FBA00589387 /* 09-array的内存管理和向组内成员发送消息 */ = {
			isa = PBXGroup;
			children = (
				042FFAC419B02FBA00589387 /* main.m */,
				042FFACB19B02FE800589387 /* Student.h */,
				042FFACC19B02FE800589387 /* Student.m */,
			);
			path = "09-array的内存管理和向组内成员发送消息";
			sourceTree = "<group>";
		};
/* End PBXGroup section */

/* Begin PBXNativeTarget section */
		042FFAC019B02FBA00589387 /* 09-array的内存管理和向组内成员发送消息 */ = {
			isa = PBXNativeTarget;
			buildConfigurationList = 042FFAC819B02FBA00589387 /* Build configuration list for PBXNativeTarget "09-array的内存管理和向组内成员发送消息" */;
			buildPhases = (
				042FFABD19B02FBA00589387 /* Sources */,
				042FFABE19B02FBA00589387 /* Frameworks */,
				042FFABF19B02FBA00589387 /* CopyFiles */,
			);
			buildRules = (
			);
			dependencies = (
			);
			name = "09-array的内存管理和向组内成员发送消息";
			productName = "09-array的内存管理和向组内成员发送消息";
			productReference = 042FFAC119B02FBA00589387 /* 09-array的内存管理和向组内成员发送消息 */;
			productType = "com.apple.product-type.tool";
		};
/* End PBXNativeTarget section */

/* Begin PBXProject section */
		042FFAB919B02FBA00589387 /* Project object */ = {
			isa = PBXProject;
			attributes = {
				LastUpgradeCheck = 0600;
				ORGANIZATIONNAME = "MN&WC";
				TargetAttributes = {
					042FFAC019B02FBA00589387 = {
						CreatedOnToolsVersion = 6.0;
					};
				};
			};
			buildConfigurationList = 042FFABC19B02FBA00589387 /* Build configuration list for PBXProject "09-array的内存管理和向组内成员发送消息" */;
			compatibilityVersion = "Xcode 3.2";
			developmentRegion = English;
			hasScannedForEncodings = 0;
			knownRegions = (
				en,
			);
			mainGroup = 042FFAB819B02FBA00589387;
			productRefGroup = 042FFAC219B02FBA00589387 /* Products */;
			projectDirPath = "";
			projectRoot = "";
			targets = (
				042FFAC019B02FBA00589387 /* 09-array的内存管理和向组内成员发送消息 */,
			);
		};
/* End PBXProject section */

/* Begin PBXSourcesBuildPhase section */
		042FFABD19B02FBA00589387 /* Sources */ = {
			isa = PBXSourcesBuildPhase;
			buildActionMask = 2147483647;
			files = (
				042FFAC519B02FBA00589387 /* main.m in Sources */,
				042FFACD19B02FE800589387 /* Student.m in Sources */,
			);
			runOnlyForDeploymentPostprocessing = 0;
		};
/* End PBXSourcesBuildPhase section */

/* Begin XCBuildConfiguration section */
		042FFAC619B02FBA00589387 /* Debug */ = {
			isa = XCBuildConfiguration;
			buildSettings = {
				ALWAYS_SEARCH_USER_PATHS = NO;
				CLANG_CXX_LANGUAGE_STANDARD = "gnu++0x";
				CLANG_CXX_LIBRARY = "libc++";
				CLANG_ENABLE_MODULES = YES;
				CLANG_ENABLE_OBJC_ARC = YES;
				CLANG_WARN_BOOL_CONVERSION = YES;
				CLANG_WARN_CONSTANT_CONVERSION = YES;
				CLANG_WARN_DIRECT_OBJC_ISA_USAGE = YES_ERROR;
				CLANG_WARN_EMPTY_BODY = YES;
				CLANG_WARN_ENUM_CONVERSION = YES;
				CLANG_WARN_INT_CONVERSION = YES;
				CLANG_WARN_OBJC_ROOT_CLASS = YES_ERROR;
				CLANG_WARN_UNREACHABLE_CODE = YES;
				CLANG_WARN__DUPLICATE_METHOD_MATCH = YES;
				COPY_PHASE_STRIP = NO;
				ENABLE_STRICT_OBJC_MSGSEND = YES;
				GCC_C_LANGUAGE_STANDARD = gnu99;
				GCC_DYNAMIC_NO_PIC = NO;
				GCC_OPTIMIZATION_LEVEL = 0;
				GCC_PREPROCESSOR_DEFINITIONS = (
					"DEBUG=1",
					"$(inherited)",
				);
				GCC_SYMBOLS_PRIVATE_EXTERN = NO;
				GCC_WARN_64_TO_32_BIT_CONVERSION = YES;
				GCC_WARN_ABOUT_RETURN_TYPE = YES_ERROR;
				GCC_WARN_UNDECLARED_SELECTOR = YES;
				GCC_WARN_UNINITIALIZED_AUTOS = YES_AGGRESSIVE;
				GCC_WARN_UNUSED_FUNCTION = YES;
				GCC_WARN_UNUSED_VARIABLE = YES;
				MACOSX_DEPLOYMENT_TARGET = 10.9;
				MTL_ENABLE_DEBUG_INFO = YES;
				ONLY_ACTIVE_ARCH = YES;
				SDKROOT = macosx;
			};
			name = Debug;
		};
		042FFAC719B02FBA00589387 /* Release */ = {
			isa = XCBuildConfiguration;
			buildSettings = {
				ALWAYS_SEARCH_USER_PATHS = NO;
				CLANG_CXX_LANGUAGE_STANDARD = "gnu++0x";
				CLANG_CXX_LIBRARY = "libc++";
				CLANG_ENABLE_MODULES = YES;
				CLANG_ENABLE_OBJC_ARC = YES;
				CLANG_WARN_BOOL_CONVERSION = YES;
				CLANG_WARN_CONSTANT_CONVERSION = YES;
				CLANG_WARN_DIRECT_OBJC_ISA_USAGE = YES_ERROR;
				CLANG_WARN_EMPTY_BODY = YES;
				CLANG_WARN_ENUM_CONVERSION = YES;
				CLANG_WARN_INT_CONVERSION = YES;
				CLANG_WARN_OBJC_ROOT_CLASS = YES_ERROR;
				CLANG_WARN_UNREACHABLE_CODE = YES;
				CLANG_WARN__DUPLICATE_METHOD_MATCH = YES;
				COPY_PHASE_STRIP = YES;
				DEBUG_INFORMATION_FORMAT = "dwarf-with-dsym";
				ENABLE_NS_ASSERTIONS = NO;
				ENABLE_STRICT_OBJC_MSGSEND = YES;
				GCC_C_LANGUAGE_STANDARD = gnu99;
				GCC_WARN_64_TO_32_BIT_CONVERSION = YES;
				GCC_WARN_ABOUT_RETURN_TYPE = YES_ERROR;
				GCC_WARN_UNDECLARED_SELECTOR = YES;
				GCC_WARN_UNINITIALIZED_AUTOS = YES_AGGRESSIVE;
				GCC_WARN_UNUSED_FUNCTION = YES;
				GCC_WARN_UNUSED_VARIABLE = YES;
				MACOSX_DEPLOYMENT_TARGET = 10.9;
				MTL_ENABLE_DEBUG_INFO = NO;
				SDKROOT = macosx;
			};
			name = Release;
		};
		042FFAC919B02FBA00589387 /* Debug */ = {
			isa = XCBuildConfiguration;
			buildSettings = {
				PRODUCT_NAME = "$(TARGET_NAME)";
			};
			name = Debug;
		};
		042FFACA19B02FBA00589387 /* Release */ = {
			isa = XCBuildConfiguration;
			buildSettings = {
				PRODUCT_NAME = "$(TARGET_NAME)";
			};
			name = Release;
		};
/* End XCBuildConfiguration section */

/* Begin XCConfigurationList section */
		042FFABC19B02FBA00589387 /* Build configuration list for PBXProject "09-array的内存管理和向组内成员发送消息" */ = {
			isa = XCConfigurationList;
			buildConfigurations = (
				042FFAC619B02FBA00589387 /* Debug */,
				042FFAC719B02FBA00589387 /* Release */,
			);
			defaultConfigurationIsVisible = 0;
			defaultConfigurationName = Release;
		};
		042FFAC819B02FBA00589387 /* Build configuration list for PBXNativeTarget "09-array的内存管理和向组内成员发送消息" */ = {
			isa = XCConfigurationList;
			buildConfigurations = (
				042FFAC919B02FBA00589387 /* Debug */,
				042FFACA19B02FBA00589387 /* Release */,
			);
			defaultConfigurationIsVisible = 0;
			defaultConfigurationName = Release;
		};
/* End XCConfigurationList section */
	};
	rootObject = 042FFAB919B02FBA00589387 /* Project object */;
}
